{
  "name": "scribble",
  "version": "1.0.0",
  "lockfileVersion": 1,
  "requires": true,
  "dependencies": {
    "flatted": {
      "version": "2.0.1",
      "resolved": "https://registry.npmjs.org/flatted/-/flatted-2.0.1.tgz",
      "integrity": "sha512-a1hQMktqW9Nmqr5aktAux3JMNqaucxGcjtjWnZLHX7yyPCmlSV3M54nGYbqT8K+0GhF3NBgmJCc3ma+WOgX8Jg=="
    },
    "lodash.merge": {
      "version": "4.6.2",
      "resolved": "https://registry.npmjs.org/lodash.merge/-/lodash.merge-4.6.2.tgz",
      "integrity": "sha512-0KpjqXRVvrYyCsX1swR/XTK0va6VQkQM6MNo7PqW77ByjAhoARA8EfrP1N4+KlKj8YS0ZUCtRT/YUuhyYDujIQ=="
    },
    "vuex-persist": {
      "version": "2.1.1",
      "resolved": "https://registry.npmjs.org/vuex-persist/-/vuex-persist-2.1.1.tgz",
      "integrity": "sha512-FD/l3M5b2y3r/zerE/IV7EmWAq03g/t5uKboLD3dB+8hyTAQztX+rqNvbJqBJ3aOcccIrkvEmyvwgOW9QM/LPg==",
      "requires": {
        "flatted": "^2.0.0",
        "lodash.merge": "^4.6.2"
      }
    }
  }
}
